
Microsoft Visual Studio Solution File, Format Version 12.00
# Visual Studio Version 16
VisualStudioVersion = 16.0.30406.217
MinimumVisualStudioVersion = 10.0.40219.1
Project("{FAE04EC0-301F-11D3-BF4B-00C04F79EFBC}") = "GenesisBrew", "GenesisBrewery2\GenesisBrew.csproj", "{5DB97136-9F05-4AEB-96BB-593D13AC6B18}"
EndProject
Project("{FAE04EC0-301F-11D3-BF4B-00C04F79EFBC}") = "Application", "Application\Application.csproj", "{78065C2C-D984-4332-9063-C8009BC17FD5}"
EndProject
Project("{FAE04EC0-301F-11D3-BF4B-00C04F79EFBC}") = "Domain", "Domain\Domain.csproj", "{1E084F1D-3AC0-46DE-8F44-C7AC878EC93F}"
EndProject
Project("{FAE04EC0-301F-11D3-BF4B-00C04F79EFBC}") = "DataAccess", "DataAccess\DataAccess.csproj", "{F624FC32-068B-4B6B-961C-4225B5BF9D24}"
EndProject
Global
	GlobalSection(SolutionConfigurationPlatforms) = preSolution
		Debug|Any CPU = Debug|Any CPU
		Release|Any CPU = Release|Any CPU
	EndGlobalSection
	GlobalSection(ProjectConfigurationPlatforms) = postSolution
		{5DB97136-9F05-4AEB-96BB-593D13AC6B18}.Debug|Any CPU.ActiveCfg = Debug|Any CPU
		{5DB97136-9F05-4AEB-96BB-593D13AC6B18}.Debug|Any CPU.Build.0 = Debug|Any CPU
		{5DB97136-9F05-4AEB-96BB-593D13AC6B18}.Release|Any CPU.ActiveCfg = Release|Any CPU
		{5DB97136-9F05-4AEB-96BB-593D13AC6B18}.Release|Any CPU.Build.0 = Release|Any CPU
		{78065C2C-D984-4332-9063-C8009BC17FD5}.Debug|Any CPU.ActiveCfg = Debug|Any CPU
		{78065C2C-D984-4332-9063-C8009BC17FD5}.Debug|Any CPU.Build.0 = Debug|Any CPU
		{78065C2C-D984-4332-9063-C8009BC17FD5}.Release|Any CPU.ActiveCfg = Release|Any CPU
		{78065C2C-D984-4332-9063-C8009BC17FD5}.Release|Any CPU.Build.0 = Release|Any CPU
		{1E084F1D-3AC0-46DE-8F44-C7AC878EC93F}.Debug|Any CPU.ActiveCfg = Debug|Any CPU
		{1E084F1D-3AC0-46DE-8F44-C7AC878EC93F}.Debug|Any CPU.Build.0 = Debug|Any CPU
		{1E084F1D-3AC0-46DE-8F44-C7AC878EC93F}.Release|Any CPU.ActiveCfg = Release|Any CPU
		{1E084F1D-3AC0-46DE-8F44-C7AC878EC93F}.Release|Any CPU.Build.0 = Release|Any CPU
		{F624FC32-068B-4B6B-961C-4225B5BF9D24}.Debug|Any CPU.ActiveCfg = Debug|Any CPU
		{F624FC32-068B-4B6B-961C-4225B5BF9D24}.Debug|Any CPU.Build.0 = Debug|Any CPU
		{F624FC32-068B-4B6B-961C-4225B5BF9D24}.Release|Any CPU.ActiveCfg = Release|Any CPU
		{F624FC32-068B-4B6B-961C-4225B5BF9D24}.Release|Any CPU.Build.0 = Release|Any CPU
	EndGlobalSection
	GlobalSection(SolutionProperties) = preSolution
		HideSolutionNode = FALSE
	EndGlobalSection
	GlobalSection(ExtensibilityGlobals) = postSolution
		SolutionGuid = {A0C3D537-9ABE-4954-BB39-D2EE8B40DB4B}
	EndGlobalSection
EndGlobal
