
Microsoft Visual Studio Solution File, Format Version 12.00
# Visual Studio Version 16
VisualStudioVersion = 16.0.30406.217
MinimumVisualStudioVersion = 10.0.40219.1
Project("{9A19103F-16F7-4668-BE54-9A1E7A4F7556}") = "Application", "Application\Application.csproj", "{78065C2C-D984-4332-9063-C8009BC17FD5}"
EndProject
Project("{9A19103F-16F7-4668-BE54-9A1E7A4F7556}") = "Domain", "Domain\Domain.csproj", "{1E084F1D-3AC0-46DE-8F44-C7AC878EC93F}"
EndProject
Project("{9A19103F-16F7-4668-BE54-9A1E7A4F7556}") = "DataAccess", "DataAccess\DataAccess.csproj", "{F624FC32-068B-4B6B-961C-4225B5BF9D24}"
EndProject
Project("{9A19103F-16F7-4668-BE54-9A1E7A4F7556}") = "GenesisBrew", "GenesisBrew\GenesisBrew.csproj", "{EFCF1898-2855-4310-A17D-19DB530A11EF}"
EndProject
Project("{2150E333-8FDC-42A3-9474-1A3956D46DE8}") = "UnitTests", "UnitTests", "{8667C35A-FB6E-4636-86EC-D5105942D7AB}"
EndProject
Project("{FAE04EC0-301F-11D3-BF4B-00C04F79EFBC}") = "ApplicationUnitTests", "ApplicationUnitTests\ApplicationUnitTests.csproj", "{FFCD4A0C-D0E3-40A4-B646-C28A367869FD}"
EndProject
Global
	GlobalSection(SolutionConfigurationPlatforms) = preSolution
		Debug|Any CPU = Debug|Any CPU
		Release|Any CPU = Release|Any CPU
	EndGlobalSection
	GlobalSection(ProjectConfigurationPlatforms) = postSolution
		{78065C2C-D984-4332-9063-C8009BC17FD5}.Debug|Any CPU.ActiveCfg = Debug|Any CPU
		{78065C2C-D984-4332-9063-C8009BC17FD5}.Debug|Any CPU.Build.0 = Debug|Any CPU
		{78065C2C-D984-4332-9063-C8009BC17FD5}.Release|Any CPU.ActiveCfg = Release|Any CPU
		{78065C2C-D984-4332-9063-C8009BC17FD5}.Release|Any CPU.Build.0 = Release|Any CPU
		{1E084F1D-3AC0-46DE-8F44-C7AC878EC93F}.Debug|Any CPU.ActiveCfg = Debug|Any CPU
		{1E084F1D-3AC0-46DE-8F44-C7AC878EC93F}.Debug|Any CPU.Build.0 = Debug|Any CPU
		{1E084F1D-3AC0-46DE-8F44-C7AC878EC93F}.Release|Any CPU.ActiveCfg = Release|Any CPU
		{1E084F1D-3AC0-46DE-8F44-C7AC878EC93F}.Release|Any CPU.Build.0 = Release|Any CPU
		{F624FC32-068B-4B6B-961C-4225B5BF9D24}.Debug|Any CPU.ActiveCfg = Debug|Any CPU
		{F624FC32-068B-4B6B-961C-4225B5BF9D24}.Debug|Any CPU.Build.0 = Debug|Any CPU
		{F624FC32-068B-4B6B-961C-4225B5BF9D24}.Release|Any CPU.ActiveCfg = Release|Any CPU
		{F624FC32-068B-4B6B-961C-4225B5BF9D24}.Release|Any CPU.Build.0 = Release|Any CPU
		{EFCF1898-2855-4310-A17D-19DB530A11EF}.Debug|Any CPU.ActiveCfg = Debug|Any CPU
		{EFCF1898-2855-4310-A17D-19DB530A11EF}.Debug|Any CPU.Build.0 = Debug|Any CPU
		{EFCF1898-2855-4310-A17D-19DB530A11EF}.Release|Any CPU.ActiveCfg = Release|Any CPU
		{EFCF1898-2855-4310-A17D-19DB530A11EF}.Release|Any CPU.Build.0 = Release|Any CPU
		{FFCD4A0C-D0E3-40A4-B646-C28A367869FD}.Debug|Any CPU.ActiveCfg = Debug|Any CPU
		{FFCD4A0C-D0E3-40A4-B646-C28A367869FD}.Debug|Any CPU.Build.0 = Debug|Any CPU
		{FFCD4A0C-D0E3-40A4-B646-C28A367869FD}.Release|Any CPU.ActiveCfg = Release|Any CPU
		{FFCD4A0C-D0E3-40A4-B646-C28A367869FD}.Release|Any CPU.Build.0 = Release|Any CPU
	EndGlobalSection
	GlobalSection(SolutionProperties) = preSolution
		HideSolutionNode = FALSE
	EndGlobalSection
	GlobalSection(NestedProjects) = preSolution
		{FFCD4A0C-D0E3-40A4-B646-C28A367869FD} = {8667C35A-FB6E-4636-86EC-D5105942D7AB}
	EndGlobalSection
	GlobalSection(ExtensibilityGlobals) = postSolution
		SolutionGuid = {A0C3D537-9ABE-4954-BB39-D2EE8B40DB4B}
	EndGlobalSection
EndGlobal
